// !$*UTF8*$!
{
	archiveVersion = 1;
	classes = {
	};
	objectVersion = 46;
	objects = {

/* Begin PBXBuildFile section */
		9244E3F01773D1EE008F66B3 /* ATMMapAnnotation.m in Sources */ = {isa = PBXBuildFile; fileRef = 924B2C431773CBC8000D5121 /* ATMMapAnnotation.m */; };
		924F5B7317724264004B524C /* QuartzCore.framework in Frameworks */ = {isa = PBXBuildFile; fileRef = 924F5B7217724264004B524C /* QuartzCore.framework */; };
		925300D5176EC34500C98E78 /* UIKit.framework in Frameworks */ = {isa = PBXBuildFile; fileRef = 925300D4176EC34500C98E78 /* UIKit.framework */; };
		925300D7176EC34500C98E78 /* Foundation.framework in Frameworks */ = {isa = PBXBuildFile; fileRef = 925300D6176EC34500C98E78 /* Foundation.framework */; };
		925300D9176EC34500C98E78 /* CoreGraphics.framework in Frameworks */ = {isa = PBXBuildFile; fileRef = 925300D8176EC34500C98E78 /* CoreGraphics.framework */; };
		925300DF176EC34500C98E78 /* InfoPlist.strings in Resources */ = {isa = PBXBuildFile; fileRef = 925300DD176EC34500C98E78 /* InfoPlist.strings */; };
		925300E1176EC34500C98E78 /* main.m in Sources */ = {isa = PBXBuildFile; fileRef = 925300E0176EC34500C98E78 /* main.m */; };
		925300E5176EC34500C98E78 /* ATMAppDelegate.m in Sources */ = {isa = PBXBuildFile; fileRef = 925300E4176EC34500C98E78 /* ATMAppDelegate.m */; };
		925300E7176EC34500C98E78 /* Default.png in Resources */ = {isa = PBXBuildFile; fileRef = 925300E6176EC34500C98E78 /* Default.png */; };
		925300E9176EC34500C98E78 /* Default@2x.png in Resources */ = {isa = PBXBuildFile; fileRef = 925300E8176EC34500C98E78 /* Default@2x.png */; };
		925300EB176EC34500C98E78 /* Default-568h@2x.png in Resources */ = {isa = PBXBuildFile; fileRef = 925300EA176EC34500C98E78 /* Default-568h@2x.png */; };
		925300F3176EC3C200C98E78 /* ATMMapViewController.m in Sources */ = {isa = PBXBuildFile; fileRef = 925300F2176EC3C200C98E78 /* ATMMapViewController.m */; };
		925300F5176EC46D00C98E78 /* CoreLocation.framework in Frameworks */ = {isa = PBXBuildFile; fileRef = 925300F4176EC46D00C98E78 /* CoreLocation.framework */; };
		92F2E184176ED3FB000FB34C /* MapKit.framework in Frameworks */ = {isa = PBXBuildFile; fileRef = 92F2E183176ED3FB000FB34C /* MapKit.framework */; };
		92F2E18D177002D9000FB34C /* LocationViewController.m in Sources */ = {isa = PBXBuildFile; fileRef = 92F2E18C177002D9000FB34C /* LocationViewController.m */; };
		92F2E190177004D3000FB34C /* ATMLocation.m in Sources */ = {isa = PBXBuildFile; fileRef = 92F2E18F177004D3000FB34C /* ATMLocation.m */; };
		92F2E19A1770E13A000FB34C /* ATMTableViewCell.m in Sources */ = {isa = PBXBuildFile; fileRef = 92F2E1991770E13A000FB34C /* ATMTableViewCell.m */; };
/* End PBXBuildFile section */

/* Begin PBXFileReference section */
		924B2C421773CBC8000D5121 /* ATMMapAnnotation.h */ = {isa = PBXFileReference; lastKnownFileType = sourcecode.c.h; path = ATMMapAnnotation.h; sourceTree = "<group>"; };
		924B2C431773CBC8000D5121 /* ATMMapAnnotation.m */ = {isa = PBXFileReference; lastKnownFileType = sourcecode.c.objc; path = ATMMapAnnotation.m; sourceTree = "<group>"; };
		924F5B7217724264004B524C /* QuartzCore.framework */ = {isa = PBXFileReference; lastKnownFileType = wrapper.framework; name = QuartzCore.framework; path = System/Library/Frameworks/QuartzCore.framework; sourceTree = SDKROOT; };
		925300D1176EC34500C98E78 /* @tm.app */ = {isa = PBXFileReference; explicitFileType = wrapper.application; includeInIndex = 0; path = "@tm.app"; sourceTree = BUILT_PRODUCTS_DIR; };
		925300D4176EC34500C98E78 /* UIKit.framework */ = {isa = PBXFileReference; lastKnownFileType = wrapper.framework; name = UIKit.framework; path = System/Library/Frameworks/UIKit.framework; sourceTree = SDKROOT; };
		925300D6176EC34500C98E78 /* Foundation.framework */ = {isa = PBXFileReference; lastKnownFileType = wrapper.framework; name = Foundation.framework; path = System/Library/Frameworks/Foundation.framework; sourceTree = SDKROOT; };
		925300D8176EC34500C98E78 /* CoreGraphics.framework */ = {isa = PBXFileReference; lastKnownFileType = wrapper.framework; name = CoreGraphics.framework; path = System/Library/Frameworks/CoreGraphics.framework; sourceTree = SDKROOT; };
		925300DC176EC34500C98E78 /* @tm-Info.plist */ = {isa = PBXFileReference; lastKnownFileType = text.plist.xml; path = "@tm-Info.plist"; sourceTree = "<group>"; };
		925300DE176EC34500C98E78 /* en */ = {isa = PBXFileReference; lastKnownFileType = text.plist.strings; name = en; path = en.lproj/InfoPlist.strings; sourceTree = "<group>"; };
		925300E0176EC34500C98E78 /* main.m */ = {isa = PBXFileReference; lastKnownFileType = sourcecode.c.objc; path = main.m; sourceTree = "<group>"; };
		925300E2176EC34500C98E78 /* @tm-Prefix.pch */ = {isa = PBXFileReference; lastKnownFileType = sourcecode.c.h; path = "@tm-Prefix.pch"; sourceTree = "<group>"; };
		925300E3176EC34500C98E78 /* ATMAppDelegate.h */ = {isa = PBXFileReference; lastKnownFileType = sourcecode.c.h; path = ATMAppDelegate.h; sourceTree = "<group>"; };
		925300E4176EC34500C98E78 /* ATMAppDelegate.m */ = {isa = PBXFileReference; lastKnownFileType = sourcecode.c.objc; path = ATMAppDelegate.m; sourceTree = "<group>"; };
		925300E6176EC34500C98E78 /* Default.png */ = {isa = PBXFileReference; lastKnownFileType = image.png; path = Default.png; sourceTree = "<group>"; };
		925300E8176EC34500C98E78 /* Default@2x.png */ = {isa = PBXFileReference; lastKnownFileType = image.png; path = "Default@2x.png"; sourceTree = "<group>"; };
		925300EA176EC34500C98E78 /* Default-568h@2x.png */ = {isa = PBXFileReference; lastKnownFileType = image.png; path = "Default-568h@2x.png"; sourceTree = "<group>"; };
		925300F1176EC3C200C98E78 /* ATMMapViewController.h */ = {isa = PBXFileReference; fileEncoding = 4; lastKnownFileType = sourcecode.c.h; path = ATMMapViewController.h; sourceTree = "<group>"; };
		925300F2176EC3C200C98E78 /* ATMMapViewController.m */ = {isa = PBXFileReference; fileEncoding = 4; lastKnownFileType = sourcecode.c.objc; path = ATMMapViewController.m; sourceTree = "<group>"; };
		925300F4176EC46D00C98E78 /* CoreLocation.framework */ = {isa = PBXFileReference; lastKnownFileType = wrapper.framework; name = CoreLocation.framework; path = System/Library/Frameworks/CoreLocation.framework; sourceTree = SDKROOT; };
		92F2E183176ED3FB000FB34C /* MapKit.framework */ = {isa = PBXFileReference; lastKnownFileType = wrapper.framework; name = MapKit.framework; path = System/Library/Frameworks/MapKit.framework; sourceTree = SDKROOT; };
		92F2E18B177002D9000FB34C /* LocationViewController.h */ = {isa = PBXFileReference; fileEncoding = 4; lastKnownFileType = sourcecode.c.h; path = LocationViewController.h; sourceTree = "<group>"; };
		92F2E18C177002D9000FB34C /* LocationViewController.m */ = {isa = PBXFileReference; fileEncoding = 4; lastKnownFileType = sourcecode.c.objc; path = LocationViewController.m; sourceTree = "<group>"; };
		92F2E18E177004D3000FB34C /* ATMLocation.h */ = {isa = PBXFileReference; fileEncoding = 4; lastKnownFileType = sourcecode.c.h; path = ATMLocation.h; sourceTree = "<group>"; };
		92F2E18F177004D3000FB34C /* ATMLocation.m */ = {isa = PBXFileReference; fileEncoding = 4; lastKnownFileType = sourcecode.c.objc; path = ATMLocation.m; sourceTree = "<group>"; };
		92F2E1981770E13A000FB34C /* ATMTableViewCell.h */ = {isa = PBXFileReference; fileEncoding = 4; lastKnownFileType = sourcecode.c.h; path = ATMTableViewCell.h; sourceTree = "<group>"; };
		92F2E1991770E13A000FB34C /* ATMTableViewCell.m */ = {isa = PBXFileReference; fileEncoding = 4; lastKnownFileType = sourcecode.c.objc; path = ATMTableViewCell.m; sourceTree = "<group>"; };
/* End PBXFileReference section */

/* Begin PBXFrameworksBuildPhase section */
		925300CE176EC34500C98E78 /* Frameworks */ = {
			isa = PBXFrameworksBuildPhase;
			buildActionMask = 2147483647;
			files = (
				924F5B7317724264004B524C /* QuartzCore.framework in Frameworks */,
				92F2E184176ED3FB000FB34C /* MapKit.framework in Frameworks */,
				925300F5176EC46D00C98E78 /* CoreLocation.framework in Frameworks */,
				925300D5176EC34500C98E78 /* UIKit.framework in Frameworks */,
				925300D7176EC34500C98E78 /* Foundation.framework in Frameworks */,
				925300D9176EC34500C98E78 /* CoreGraphics.framework in Frameworks */,
			);
			runOnlyForDeploymentPostprocessing = 0;
		};
/* End PBXFrameworksBuildPhase section */

/* Begin PBXGroup section */
		925300C8176EC34500C98E78 = {
			isa = PBXGroup;
			children = (
				925300DA176EC34500C98E78 /* @tm */,
				925300D3176EC34500C98E78 /* Frameworks */,
				925300D2176EC34500C98E78 /* Products */,
			);
			sourceTree = "<group>";
		};
		925300D2176EC34500C98E78 /* Products */ = {
			isa = PBXGroup;
			children = (
				925300D1176EC34500C98E78 /* @tm.app */,
			);
			name = Products;
			sourceTree = "<group>";
		};
		925300D3176EC34500C98E78 /* Frameworks */ = {
			isa = PBXGroup;
			children = (
				92F2E183176ED3FB000FB34C /* MapKit.framework */,
				925300F4176EC46D00C98E78 /* CoreLocation.framework */,
				924F5B7217724264004B524C /* QuartzCore.framework */,
				925300D4176EC34500C98E78 /* UIKit.framework */,
				925300D6176EC34500C98E78 /* Foundation.framework */,
				925300D8176EC34500C98E78 /* CoreGraphics.framework */,
			);
			name = Frameworks;
			sourceTree = "<group>";
		};
		925300DA176EC34500C98E78 /* @tm */ = {
			isa = PBXGroup;
			children = (
				92F2E1921770050B000FB34C /* Controllers */,
				92F2E191177004E5000FB34C /* Models */,
				925300DB176EC34500C98E78 /* Supporting Files */,
				92B42CEC17724B8D00C24B69 /* Views */,
			);
			path = "@tm";
			sourceTree = "<group>";
		};
		925300DB176EC34500C98E78 /* Supporting Files */ = {
			isa = PBXGroup;
			children = (
				925300DC176EC34500C98E78 /* @tm-Info.plist */,
				925300DD176EC34500C98E78 /* InfoPlist.strings */,
				925300E0176EC34500C98E78 /* main.m */,
				925300E2176EC34500C98E78 /* @tm-Prefix.pch */,
				925300E6176EC34500C98E78 /* Default.png */,
				925300E8176EC34500C98E78 /* Default@2x.png */,
				925300EA176EC34500C98E78 /* Default-568h@2x.png */,
			);
			name = "Supporting Files";
			sourceTree = "<group>";
		};
		92B42CEC17724B8D00C24B69 /* Views */ = {
			isa = PBXGroup;
			children = (
				92F2E1981770E13A000FB34C /* ATMTableViewCell.h */,
				92F2E1991770E13A000FB34C /* ATMTableViewCell.m */,
			);
			name = Views;
			sourceTree = "<group>";
		};
		92F2E191177004E5000FB34C /* Models */ = {
			isa = PBXGroup;
			children = (
				924B2C421773CBC8000D5121 /* ATMMapAnnotation.h */,
				924B2C431773CBC8000D5121 /* ATMMapAnnotation.m */,
				925300E3176EC34500C98E78 /* ATMAppDelegate.h */,
				925300E4176EC34500C98E78 /* ATMAppDelegate.m */,
				92F2E18E177004D3000FB34C /* ATMLocation.h */,
				92F2E18F177004D3000FB34C /* ATMLocation.m */,
			);
			name = Models;
			sourceTree = "<group>";
		};
		92F2E1921770050B000FB34C /* Controllers */ = {
			isa = PBXGroup;
			children = (
				925300F1176EC3C200C98E78 /* ATMMapViewController.h */,
				925300F2176EC3C200C98E78 /* ATMMapViewController.m */,
				92F2E18B177002D9000FB34C /* LocationViewController.h */,
				92F2E18C177002D9000FB34C /* LocationViewController.m */,
			);
			name = Controllers;
			sourceTree = "<group>";
		};
/* End PBXGroup section */

/* Begin PBXNativeTarget section */
		925300D0176EC34500C98E78 /* @tm */ = {
			isa = PBXNativeTarget;
			buildConfigurationList = 925300EE176EC34500C98E78 /* Build configuration list for PBXNativeTarget "@tm" */;
			buildPhases = (
				925300CD176EC34500C98E78 /* Sources */,
				925300CE176EC34500C98E78 /* Frameworks */,
				925300CF176EC34500C98E78 /* Resources */,
			);
			buildRules = (
			);
			dependencies = (
			);
			name = "@tm";
			productName = "@tm";
			productReference = 925300D1176EC34500C98E78 /* @tm.app */;
			productType = "com.apple.product-type.application";
		};
/* End PBXNativeTarget section */

/* Begin PBXProject section */
		925300C9176EC34500C98E78 /* Project object */ = {
			isa = PBXProject;
			attributes = {
				CLASSPREFIX = ATM;
				LastUpgradeCheck = 0460;
				ORGANIZATIONNAME = "Steve Ellis";
			};
			buildConfigurationList = 925300CC176EC34500C98E78 /* Build configuration list for PBXProject "@tm" */;
			compatibilityVersion = "Xcode 3.2";
			developmentRegion = English;
			hasScannedForEncodings = 0;
			knownRegions = (
				en,
			);
			mainGroup = 925300C8176EC34500C98E78;
			productRefGroup = 925300D2176EC34500C98E78 /* Products */;
			projectDirPath = "";
			projectRoot = "";
			targets = (
				925300D0176EC34500C98E78 /* @tm */,
			);
		};
/* End PBXProject section */

/* Begin PBXResourcesBuildPhase section */
		925300CF176EC34500C98E78 /* Resources */ = {
			isa = PBXResourcesBuildPhase;
			buildActionMask = 2147483647;
			files = (
				925300DF176EC34500C98E78 /* InfoPlist.strings in Resources */,
				925300E7176EC34500C98E78 /* Default.png in Resources */,
				925300E9176EC34500C98E78 /* Default@2x.png in Resources */,
				925300EB176EC34500C98E78 /* Default-568h@2x.png in Resources */,
			);
			runOnlyForDeploymentPostprocessing = 0;
		};
/* End PBXResourcesBuildPhase section */

/* Begin PBXSourcesBuildPhase section */
		925300CD176EC34500C98E78 /* Sources */ = {
			isa = PBXSourcesBuildPhase;
			buildActionMask = 2147483647;
			files = (
				9244E3F01773D1EE008F66B3 /* ATMMapAnnotation.m in Sources */,
				925300E1176EC34500C98E78 /* main.m in Sources */,
				925300E5176EC34500C98E78 /* ATMAppDelegate.m in Sources */,
				925300F3176EC3C200C98E78 /* ATMMapViewController.m in Sources */,
				92F2E18D177002D9000FB34C /* LocationViewController.m in Sources */,
				92F2E190177004D3000FB34C /* ATMLocation.m in Sources */,
				92F2E19A1770E13A000FB34C /* ATMTableViewCell.m in Sources */,
			);
			runOnlyForDeploymentPostprocessing = 0;
		};
/* End PBXSourcesBuildPhase section */

/* Begin PBXVariantGroup section */
		925300DD176EC34500C98E78 /* InfoPlist.strings */ = {
			isa = PBXVariantGroup;
			children = (
				925300DE176EC34500C98E78 /* en */,
			);
			name = InfoPlist.strings;
			sourceTree = "<group>";
		};
/* End PBXVariantGroup section */

/* Begin XCBuildConfiguration section */
		925300EC176EC34500C98E78 /* Debug */ = {
			isa = XCBuildConfiguration;
			buildSettings = {
				ALWAYS_SEARCH_USER_PATHS = NO;
				CLANG_CXX_LANGUAGE_STANDARD = "gnu++0x";
				CLANG_CXX_LIBRARY = "libc++";
				CLANG_ENABLE_OBJC_ARC = YES;
				CLANG_WARN_CONSTANT_CONVERSION = YES;
				CLANG_WARN_EMPTY_BODY = YES;
				CLANG_WARN_ENUM_CONVERSION = YES;
				CLANG_WARN_INT_CONVERSION = YES;
				CLANG_WARN__DUPLICATE_METHOD_MATCH = YES;
				"CODE_SIGN_IDENTITY[sdk=iphoneos*]" = "iPhone Developer";
				COPY_PHASE_STRIP = NO;
				GCC_C_LANGUAGE_STANDARD = gnu99;
				GCC_DYNAMIC_NO_PIC = NO;
				GCC_OPTIMIZATION_LEVEL = 0;
				GCC_PREPROCESSOR_DEFINITIONS = (
					"DEBUG=1",
					"$(inherited)",
				);
				GCC_SYMBOLS_PRIVATE_EXTERN = NO;
				GCC_WARN_ABOUT_RETURN_TYPE = YES;
				GCC_WARN_UNINITIALIZED_AUTOS = YES;
				GCC_WARN_UNUSED_VARIABLE = YES;
				IPHONEOS_DEPLOYMENT_TARGET = 6.1;
				ONLY_ACTIVE_ARCH = YES;
				SDKROOT = iphoneos;
			};
			name = Debug;
		};
		925300ED176EC34500C98E78 /* Release */ = {
			isa = XCBuildConfiguration;
			buildSettings = {
				ALWAYS_SEARCH_USER_PATHS = NO;
				CLANG_CXX_LANGUAGE_STANDARD = "gnu++0x";
				CLANG_CXX_LIBRARY = "libc++";
				CLANG_ENABLE_OBJC_ARC = YES;
				CLANG_WARN_CONSTANT_CONVERSION = YES;
				CLANG_WARN_EMPTY_BODY = YES;
				CLANG_WARN_ENUM_CONVERSION = YES;
				CLANG_WARN_INT_CONVERSION = YES;
				CLANG_WARN__DUPLICATE_METHOD_MATCH = YES;
				"CODE_SIGN_IDENTITY[sdk=iphoneos*]" = "iPhone Developer";
				COPY_PHASE_STRIP = YES;
				GCC_C_LANGUAGE_STANDARD = gnu99;
				GCC_WARN_ABOUT_RETURN_TYPE = YES;
				GCC_WARN_UNINITIALIZED_AUTOS = YES;
				GCC_WARN_UNUSED_VARIABLE = YES;
				IPHONEOS_DEPLOYMENT_TARGET = 6.1;
				OTHER_CFLAGS = "-DNS_BLOCK_ASSERTIONS=1";
				SDKROOT = iphoneos;
				VALIDATE_PRODUCT = YES;
			};
			name = Release;
		};
		925300EF176EC34500C98E78 /* Debug */ = {
			isa = XCBuildConfiguration;
			buildSettings = {
				GCC_PRECOMPILE_PREFIX_HEADER = YES;
				GCC_PREFIX_HEADER = "@tm/@tm-Prefix.pch";
				INFOPLIST_FILE = "@tm/@tm-Info.plist";
				PRODUCT_NAME = "$(TARGET_NAME)";
				WRAPPER_EXTENSION = app;
			};
			name = Debug;
		};
		925300F0176EC34500C98E78 /* Release */ = {
			isa = XCBuildConfiguration;
			buildSettings = {
				GCC_PRECOMPILE_PREFIX_HEADER = YES;
				GCC_PREFIX_HEADER = "@tm/@tm-Prefix.pch";
				INFOPLIST_FILE = "@tm/@tm-Info.plist";
				PRODUCT_NAME = "$(TARGET_NAME)";
				WRAPPER_EXTENSION = app;
			};
			name = Release;
		};
/* End XCBuildConfiguration section */

/* Begin XCConfigurationList section */
		925300CC176EC34500C98E78 /* Build configuration list for PBXProject "@tm" */ = {
			isa = XCConfigurationList;
			buildConfigurations = (
				925300EC176EC34500C98E78 /* Debug */,
				925300ED176EC34500C98E78 /* Release */,
			);
			defaultConfigurationIsVisible = 0;
			defaultConfigurationName = Release;
		};
		925300EE176EC34500C98E78 /* Build configuration list for PBXNativeTarget "@tm" */ = {
			isa = XCConfigurationList;
			buildConfigurations = (
				925300EF176EC34500C98E78 /* Debug */,
				925300F0176EC34500C98E78 /* Release */,
			);
			defaultConfigurationIsVisible = 0;
			defaultConfigurationName = Release;
		};
/* End XCConfigurationList section */
	};
	rootObject = 925300C9176EC34500C98E78 /* Project object */;
}
